
Microsoft Visual Studio Solution File, Format Version 12.00
# Visual Studio Version 17
VisualStudioVersion = 17.0.31611.283
MinimumVisualStudioVersion = 10.0.40219.1
Project("{2150E333-8FDC-42A3-9474-1A3956D46DE8}") = "Solution Items", "Solution Items", "{944C3C9F-0D07-4067-B438-648A3E0C6841}"
EndProject
Project("{FAE04EC0-301F-11D3-BF4B-00C04F79EFBC}") = "SimpleOBDII", "SimpleOBDII\SimpleOBDII.csproj", "{FAA8C37E-DDA2-4C76-974E-C87A9E5503BB}"
EndProject
Project("{FAE04EC0-301F-11D3-BF4B-00C04F79EFBC}") = "SimpleOBDII_Tests", "Tests\SimpleOBDII_Tests.csproj", "{7BB5A53D-1AC8-4BB2-9598-3532FEAE5CD9}"
EndProject
Global
	GlobalSection(SolutionConfigurationPlatforms) = preSolution
		Debug|Any CPU = Debug|Any CPU
		Release|Any CPU = Release|Any CPU
	EndGlobalSection
	GlobalSection(ProjectConfigurationPlatforms) = postSolution
		{FAA8C37E-DDA2-4C76-974E-C87A9E5503BB}.Debug|Any CPU.ActiveCfg = Debug|Any CPU
		{FAA8C37E-DDA2-4C76-974E-C87A9E5503BB}.Debug|Any CPU.Build.0 = Debug|Any CPU
		{FAA8C37E-DDA2-4C76-974E-C87A9E5503BB}.Debug|Any CPU.Deploy.0 = Debug|Any CPU
		{FAA8C37E-DDA2-4C76-974E-C87A9E5503BB}.Release|Any CPU.ActiveCfg = Release|Any CPU
		{FAA8C37E-DDA2-4C76-974E-C87A9E5503BB}.Release|Any CPU.Build.0 = Release|Any CPU
		{FAA8C37E-DDA2-4C76-974E-C87A9E5503BB}.Release|Any CPU.Deploy.0 = Release|Any CPU
		{7BB5A53D-1AC8-4BB2-9598-3532FEAE5CD9}.Debug|Any CPU.ActiveCfg = Debug|Any CPU
		{7BB5A53D-1AC8-4BB2-9598-3532FEAE5CD9}.Debug|Any CPU.Build.0 = Debug|Any CPU
		{7BB5A53D-1AC8-4BB2-9598-3532FEAE5CD9}.Release|Any CPU.ActiveCfg = Release|Any CPU
		{7BB5A53D-1AC8-4BB2-9598-3532FEAE5CD9}.Release|Any CPU.Build.0 = Release|Any CPU
	EndGlobalSection
	GlobalSection(SolutionProperties) = preSolution
		HideSolutionNode = FALSE
	EndGlobalSection
	GlobalSection(ExtensibilityGlobals) = postSolution
		SolutionGuid = {61F7FB11-1E47-470C-91E2-47F8143E1572}
	EndGlobalSection
EndGlobal
